
Microsoft Visual Studio Solution File, Format Version 12.00
# Visual Studio Version 17
VisualStudioVersion = 17.14.36603.0
MinimumVisualStudioVersion = 10.0.40219.1
Project("{2150E333-8FDC-42A3-9474-1A3956D46DE8}") = "Task0", "Task0", "{02EA681E-C7D8-13C7-8484-4AC65E1B71E8}"
EndProject
Project("{FAE04EC0-301F-11D3-BF4B-00C04F79EFBC}") = "Tyuiu.BukinTK.Sprint5.Task0.V17", "Tyuiu.BukinTK.Sprint5.Task0.V17\Tyuiu.BukinTK.Sprint5.Task0.V17.csproj", "{77832B3A-AB7C-4627-88EF-440590056356}"
EndProject
Project("{FAE04EC0-301F-11D3-BF4B-00C04F79EFBC}") = "Tyuiu.BukinTK.Sprint5.Task0.V17.Lib", "Tyuiu.BukinTK.Sprint5.Task0.V17.Lib\Tyuiu.BukinTK.Sprint5.Task0.V17.Lib.csproj", "{ED9D7A30-3A4E-4379-8A0A-DC3264C67884}"
EndProject
Project("{FAE04EC0-301F-11D3-BF4B-00C04F79EFBC}") = "Tyuiu.BukinTK.Sprint5.Task0.V17.Test", "Tyuiu.BukinTK.Sprint5.Task0.V17.Test\Tyuiu.BukinTK.Sprint5.Task0.V17.Test.csproj", "{29D1A50D-7E31-411F-A102-0B438D405CC2}"
EndProject
Project("{2150E333-8FDC-42A3-9474-1A3956D46DE8}") = "Task1", "Task1", "{CE6B4D09-C3F5-4EE7-AC7C-54AD78B5672A}"
EndProject
Project("{FAE04EC0-301F-11D3-BF4B-00C04F79EFBC}") = "Tyuiu.BukinTK.Sprint5.Task1.V3", "Tyuiu.BukinTK.Sprint5.Task1.V3\Tyuiu.BukinTK.Sprint5.Task1.V3.csproj", "{AEDED426-2FA4-42F8-BABB-DFDB99FB3EEC}"
EndProject
Project("{FAE04EC0-301F-11D3-BF4B-00C04F79EFBC}") = "Tyuiu.BukinTK.Sprint5.Task1.V3.Lib", "Tyuiu.BukinTK.Sprint5.Task1.V3.Lib\Tyuiu.BukinTK.Sprint5.Task1.V3.Lib.csproj", "{0CEC6B52-97AC-497E-81B3-DCF8D26710EB}"
EndProject
Project("{FAE04EC0-301F-11D3-BF4B-00C04F79EFBC}") = "Tyuiu.BukinTK.Sprint5.Task1.V3.Test", "Tyuiu.BukinTK.Sprint5.Task1.V3.Test\Tyuiu.BukinTK.Sprint5.Task1.V3.Test.csproj", "{32D75364-333C-4B07-9497-ADA6AA768654}"
EndProject
Project("{2150E333-8FDC-42A3-9474-1A3956D46DE8}") = "Task2", "Task2", "{7A6D439E-BA34-4573-B1D8-8BC870FDB7B1}"
EndProject
Project("{FAE04EC0-301F-11D3-BF4B-00C04F79EFBC}") = "Tyuiu.BukinTK.Sprint5.Task2.V16", "Tyuiu.BukinTK.Sprint5.Task2.V16\Tyuiu.BukinTK.Sprint5.Task2.V16.csproj", "{1CE1D051-3755-4A04-959E-3867DA7CF3DC}"
EndProject
Project("{FAE04EC0-301F-11D3-BF4B-00C04F79EFBC}") = "Tyuiu.BukinTK.Sprint5.Task2.V16.Lib", "Tyuiu.BukinTK.Sprint5.Task2.V16.Lib\Tyuiu.BukinTK.Sprint5.Task2.V16.Lib.csproj", "{A0C3D439-2634-4DC9-9092-EB5D57BC0B97}"
EndProject
Project("{FAE04EC0-301F-11D3-BF4B-00C04F79EFBC}") = "Tyuiu.BukinTK.Sprint5.Task2.V16.Test", "Tyuiu.BukinTK.Sprint5.Task2.V16.Test\Tyuiu.BukinTK.Sprint5.Task2.V16.Test.csproj", "{DD8F8C76-8FCE-4D28-93EF-BC3A3304506B}"
EndProject
Project("{2150E333-8FDC-42A3-9474-1A3956D46DE8}") = "Task3", "Task3", "{CA4F6691-3502-4F80-BD3A-479129D4D346}"
EndProject
Project("{FAE04EC0-301F-11D3-BF4B-00C04F79EFBC}") = "Tyuiu.BukinTK.Sprint5.Task3.V27", "Tyuiu.BukinTK.Sprint5.Task3.V27\Tyuiu.BukinTK.Sprint5.Task3.V27.csproj", "{6F3D12DD-D968-4982-ADEF-D15462329BAE}"
EndProject
Project("{FAE04EC0-301F-11D3-BF4B-00C04F79EFBC}") = "Tyuiu.BukinTK.Sprint5.Task3.V27.Lib", "Tyuiu.BukinTK.Sprint5.Task3.V27.Lib\Tyuiu.BukinTK.Sprint5.Task3.V27.Lib.csproj", "{92A7D901-F88C-4800-8FCE-E23936B54B33}"
EndProject
Project("{FAE04EC0-301F-11D3-BF4B-00C04F79EFBC}") = "Tyuiu.BukinTK.Sprint5.Task3.V27.Test", "Tyuiu.BukinTK.Sprint5.Task3.V27.Test\Tyuiu.BukinTK.Sprint5.Task3.V27.Test.csproj", "{5F871FD6-4DBC-4752-B473-88B2F429E727}"
EndProject
Project("{2150E333-8FDC-42A3-9474-1A3956D46DE8}") = "Task4", "Task4", "{AFAA677B-36C0-4A47-8657-1298454BB0B4}"
EndProject
Project("{FAE04EC0-301F-11D3-BF4B-00C04F79EFBC}") = "Tyuiu.BukinTK.Sprint5.Task4.V25", "Tyuiu.BukinTK.Sprint5.Task4.V25\Tyuiu.BukinTK.Sprint5.Task4.V25.csproj", "{1CB76ACB-2824-4052-8432-AFEC965AAEF5}"
EndProject
Project("{FAE04EC0-301F-11D3-BF4B-00C04F79EFBC}") = "Tyuiu.BukinTK.Sprint5.Task4.V25.Lib", "Tyuiu.BukinTK.Sprint5.Task4.V25.Lib\Tyuiu.BukinTK.Sprint5.Task4.V25.Lib.csproj", "{E5658195-CA07-4F7A-8110-443D798E8E2A}"
EndProject
Project("{FAE04EC0-301F-11D3-BF4B-00C04F79EFBC}") = "Tyuiu.BukinTK.Sprint5.Task4.V25.Test", "Tyuiu.BukinTK.Sprint5.Task4.V25.Test\Tyuiu.BukinTK.Sprint5.Task4.V25.Test.csproj", "{1605CCFA-6A5B-4ABA-A062-DF6E2D4280F5}"
EndProject
Project("{2150E333-8FDC-42A3-9474-1A3956D46DE8}") = "Task5", "Task5", "{C8CB28E2-57A3-451F-8E5A-A79759C8F8B3}"
EndProject
Project("{FAE04EC0-301F-11D3-BF4B-00C04F79EFBC}") = "Tyuiu.BukinTK.Sprint5.Task5.V26", "Tyuiu.BukinTK.Sprint5.Task5.V26\Tyuiu.BukinTK.Sprint5.Task5.V26.csproj", "{D98BA10A-09F9-4D6C-BA8D-3491D8902A6E}"
EndProject
Project("{FAE04EC0-301F-11D3-BF4B-00C04F79EFBC}") = "Tyuiu.BukinTK.Sprint5.Task5.V26.Lib", "Tyuiu.BukinTK.Sprint5.Task5.V26.Lib\Tyuiu.BukinTK.Sprint5.Task5.V26.Lib.csproj", "{CD1A354E-7D02-4EAD-824A-19DE7896E953}"
EndProject
Project("{FAE04EC0-301F-11D3-BF4B-00C04F79EFBC}") = "Tyuiu.BukinTK.Sprint5.Task5.V26.Test", "Tyuiu.BukinTK.Sprint5.Task5.V26.Test\Tyuiu.BukinTK.Sprint5.Task5.V26.Test.csproj", "{99420E18-3F98-4591-BBE1-F47ABAAADB92}"
EndProject
Global
	GlobalSection(SolutionConfigurationPlatforms) = preSolution
		Debug|Any CPU = Debug|Any CPU
		Release|Any CPU = Release|Any CPU
	EndGlobalSection
	GlobalSection(ProjectConfigurationPlatforms) = postSolution
		{77832B3A-AB7C-4627-88EF-440590056356}.Debug|Any CPU.ActiveCfg = Debug|Any CPU
		{77832B3A-AB7C-4627-88EF-440590056356}.Debug|Any CPU.Build.0 = Debug|Any CPU
		{77832B3A-AB7C-4627-88EF-440590056356}.Release|Any CPU.ActiveCfg = Release|Any CPU
		{77832B3A-AB7C-4627-88EF-440590056356}.Release|Any CPU.Build.0 = Release|Any CPU
		{ED9D7A30-3A4E-4379-8A0A-DC3264C67884}.Debug|Any CPU.ActiveCfg = Debug|Any CPU
		{ED9D7A30-3A4E-4379-8A0A-DC3264C67884}.Debug|Any CPU.Build.0 = Debug|Any CPU
		{ED9D7A30-3A4E-4379-8A0A-DC3264C67884}.Release|Any CPU.ActiveCfg = Release|Any CPU
		{ED9D7A30-3A4E-4379-8A0A-DC3264C67884}.Release|Any CPU.Build.0 = Release|Any CPU
		{29D1A50D-7E31-411F-A102-0B438D405CC2}.Debug|Any CPU.ActiveCfg = Debug|Any CPU
		{29D1A50D-7E31-411F-A102-0B438D405CC2}.Debug|Any CPU.Build.0 = Debug|Any CPU
		{29D1A50D-7E31-411F-A102-0B438D405CC2}.Release|Any CPU.ActiveCfg = Release|Any CPU
		{29D1A50D-7E31-411F-A102-0B438D405CC2}.Release|Any CPU.Build.0 = Release|Any CPU
		{AEDED426-2FA4-42F8-BABB-DFDB99FB3EEC}.Debug|Any CPU.ActiveCfg = Debug|Any CPU
		{AEDED426-2FA4-42F8-BABB-DFDB99FB3EEC}.Debug|Any CPU.Build.0 = Debug|Any CPU
		{AEDED426-2FA4-42F8-BABB-DFDB99FB3EEC}.Release|Any CPU.ActiveCfg = Release|Any CPU
		{AEDED426-2FA4-42F8-BABB-DFDB99FB3EEC}.Release|Any CPU.Build.0 = Release|Any CPU
		{0CEC6B52-97AC-497E-81B3-DCF8D26710EB}.Debug|Any CPU.ActiveCfg = Debug|Any CPU
		{0CEC6B52-97AC-497E-81B3-DCF8D26710EB}.Debug|Any CPU.Build.0 = Debug|Any CPU
		{0CEC6B52-97AC-497E-81B3-DCF8D26710EB}.Release|Any CPU.ActiveCfg = Release|Any CPU
		{0CEC6B52-97AC-497E-81B3-DCF8D26710EB}.Release|Any CPU.Build.0 = Release|Any CPU
		{32D75364-333C-4B07-9497-ADA6AA768654}.Debug|Any CPU.ActiveCfg = Debug|Any CPU
		{32D75364-333C-4B07-9497-ADA6AA768654}.Debug|Any CPU.Build.0 = Debug|Any CPU
		{32D75364-333C-4B07-9497-ADA6AA768654}.Release|Any CPU.ActiveCfg = Release|Any CPU
		{32D75364-333C-4B07-9497-ADA6AA768654}.Release|Any CPU.Build.0 = Release|Any CPU
		{1CE1D051-3755-4A04-959E-3867DA7CF3DC}.Debug|Any CPU.ActiveCfg = Debug|Any CPU
		{1CE1D051-3755-4A04-959E-3867DA7CF3DC}.Debug|Any CPU.Build.0 = Debug|Any CPU
		{1CE1D051-3755-4A04-959E-3867DA7CF3DC}.Release|Any CPU.ActiveCfg = Release|Any CPU
		{1CE1D051-3755-4A04-959E-3867DA7CF3DC}.Release|Any CPU.Build.0 = Release|Any CPU
		{A0C3D439-2634-4DC9-9092-EB5D57BC0B97}.Debug|Any CPU.ActiveCfg = Debug|Any CPU
		{A0C3D439-2634-4DC9-9092-EB5D57BC0B97}.Debug|Any CPU.Build.0 = Debug|Any CPU
		{A0C3D439-2634-4DC9-9092-EB5D57BC0B97}.Release|Any CPU.ActiveCfg = Release|Any CPU
		{A0C3D439-2634-4DC9-9092-EB5D57BC0B97}.Release|Any CPU.Build.0 = Release|Any CPU
		{DD8F8C76-8FCE-4D28-93EF-BC3A3304506B}.Debug|Any CPU.ActiveCfg = Debug|Any CPU
		{DD8F8C76-8FCE-4D28-93EF-BC3A3304506B}.Debug|Any CPU.Build.0 = Debug|Any CPU
		{DD8F8C76-8FCE-4D28-93EF-BC3A3304506B}.Release|Any CPU.ActiveCfg = Release|Any CPU
		{DD8F8C76-8FCE-4D28-93EF-BC3A3304506B}.Release|Any CPU.Build.0 = Release|Any CPU
		{6F3D12DD-D968-4982-ADEF-D15462329BAE}.Debug|Any CPU.ActiveCfg = Debug|Any CPU
		{6F3D12DD-D968-4982-ADEF-D15462329BAE}.Debug|Any CPU.Build.0 = Debug|Any CPU
		{6F3D12DD-D968-4982-ADEF-D15462329BAE}.Release|Any CPU.ActiveCfg = Release|Any CPU
		{6F3D12DD-D968-4982-ADEF-D15462329BAE}.Release|Any CPU.Build.0 = Release|Any CPU
		{92A7D901-F88C-4800-8FCE-E23936B54B33}.Debug|Any CPU.ActiveCfg = Debug|Any CPU
		{92A7D901-F88C-4800-8FCE-E23936B54B33}.Debug|Any CPU.Build.0 = Debug|Any CPU
		{92A7D901-F88C-4800-8FCE-E23936B54B33}.Release|Any CPU.ActiveCfg = Release|Any CPU
		{92A7D901-F88C-4800-8FCE-E23936B54B33}.Release|Any CPU.Build.0 = Release|Any CPU
		{5F871FD6-4DBC-4752-B473-88B2F429E727}.Debug|Any CPU.ActiveCfg = Debug|Any CPU
		{5F871FD6-4DBC-4752-B473-88B2F429E727}.Debug|Any CPU.Build.0 = Debug|Any CPU
		{5F871FD6-4DBC-4752-B473-88B2F429E727}.Release|Any CPU.ActiveCfg = Release|Any CPU
		{5F871FD6-4DBC-4752-B473-88B2F429E727}.Release|Any CPU.Build.0 = Release|Any CPU
		{1CB76ACB-2824-4052-8432-AFEC965AAEF5}.Debug|Any CPU.ActiveCfg = Debug|Any CPU
		{1CB76ACB-2824-4052-8432-AFEC965AAEF5}.Debug|Any CPU.Build.0 = Debug|Any CPU
		{1CB76ACB-2824-4052-8432-AFEC965AAEF5}.Release|Any CPU.ActiveCfg = Release|Any CPU
		{1CB76ACB-2824-4052-8432-AFEC965AAEF5}.Release|Any CPU.Build.0 = Release|Any CPU
		{E5658195-CA07-4F7A-8110-443D798E8E2A}.Debug|Any CPU.ActiveCfg = Debug|Any CPU
		{E5658195-CA07-4F7A-8110-443D798E8E2A}.Debug|Any CPU.Build.0 = Debug|Any CPU
		{E5658195-CA07-4F7A-8110-443D798E8E2A}.Release|Any CPU.ActiveCfg = Release|Any CPU
		{E5658195-CA07-4F7A-8110-443D798E8E2A}.Release|Any CPU.Build.0 = Release|Any CPU
		{1605CCFA-6A5B-4ABA-A062-DF6E2D4280F5}.Debug|Any CPU.ActiveCfg = Debug|Any CPU
		{1605CCFA-6A5B-4ABA-A062-DF6E2D4280F5}.Debug|Any CPU.Build.0 = Debug|Any CPU
		{1605CCFA-6A5B-4ABA-A062-DF6E2D4280F5}.Release|Any CPU.ActiveCfg = Release|Any CPU
		{1605CCFA-6A5B-4ABA-A062-DF6E2D4280F5}.Release|Any CPU.Build.0 = Release|Any CPU
		{D98BA10A-09F9-4D6C-BA8D-3491D8902A6E}.Debug|Any CPU.ActiveCfg = Debug|Any CPU
		{D98BA10A-09F9-4D6C-BA8D-3491D8902A6E}.Debug|Any CPU.Build.0 = Debug|Any CPU
		{D98BA10A-09F9-4D6C-BA8D-3491D8902A6E}.Release|Any CPU.ActiveCfg = Release|Any CPU
		{D98BA10A-09F9-4D6C-BA8D-3491D8902A6E}.Release|Any CPU.Build.0 = Release|Any CPU
		{CD1A354E-7D02-4EAD-824A-19DE7896E953}.Debug|Any CPU.ActiveCfg = Debug|Any CPU
		{CD1A354E-7D02-4EAD-824A-19DE7896E953}.Debug|Any CPU.Build.0 = Debug|Any CPU
		{CD1A354E-7D02-4EAD-824A-19DE7896E953}.Release|Any CPU.ActiveCfg = Release|Any CPU
		{CD1A354E-7D02-4EAD-824A-19DE7896E953}.Release|Any CPU.Build.0 = Release|Any CPU
		{99420E18-3F98-4591-BBE1-F47ABAAADB92}.Debug|Any CPU.ActiveCfg = Debug|Any CPU
		{99420E18-3F98-4591-BBE1-F47ABAAADB92}.Debug|Any CPU.Build.0 = Debug|Any CPU
		{99420E18-3F98-4591-BBE1-F47ABAAADB92}.Release|Any CPU.ActiveCfg = Release|Any CPU
		{99420E18-3F98-4591-BBE1-F47ABAAADB92}.Release|Any CPU.Build.0 = Release|Any CPU
	EndGlobalSection
	GlobalSection(SolutionProperties) = preSolution
		HideSolutionNode = FALSE
	EndGlobalSection
	GlobalSection(NestedProjects) = preSolution
		{77832B3A-AB7C-4627-88EF-440590056356} = {02EA681E-C7D8-13C7-8484-4AC65E1B71E8}
		{ED9D7A30-3A4E-4379-8A0A-DC3264C67884} = {02EA681E-C7D8-13C7-8484-4AC65E1B71E8}
		{29D1A50D-7E31-411F-A102-0B438D405CC2} = {02EA681E-C7D8-13C7-8484-4AC65E1B71E8}
		{AEDED426-2FA4-42F8-BABB-DFDB99FB3EEC} = {CE6B4D09-C3F5-4EE7-AC7C-54AD78B5672A}
		{0CEC6B52-97AC-497E-81B3-DCF8D26710EB} = {CE6B4D09-C3F5-4EE7-AC7C-54AD78B5672A}
		{32D75364-333C-4B07-9497-ADA6AA768654} = {CE6B4D09-C3F5-4EE7-AC7C-54AD78B5672A}
		{1CE1D051-3755-4A04-959E-3867DA7CF3DC} = {7A6D439E-BA34-4573-B1D8-8BC870FDB7B1}
		{A0C3D439-2634-4DC9-9092-EB5D57BC0B97} = {7A6D439E-BA34-4573-B1D8-8BC870FDB7B1}
		{DD8F8C76-8FCE-4D28-93EF-BC3A3304506B} = {7A6D439E-BA34-4573-B1D8-8BC870FDB7B1}
		{6F3D12DD-D968-4982-ADEF-D15462329BAE} = {CA4F6691-3502-4F80-BD3A-479129D4D346}
		{92A7D901-F88C-4800-8FCE-E23936B54B33} = {CA4F6691-3502-4F80-BD3A-479129D4D346}
		{5F871FD6-4DBC-4752-B473-88B2F429E727} = {CA4F6691-3502-4F80-BD3A-479129D4D346}
		{1CB76ACB-2824-4052-8432-AFEC965AAEF5} = {AFAA677B-36C0-4A47-8657-1298454BB0B4}
		{E5658195-CA07-4F7A-8110-443D798E8E2A} = {AFAA677B-36C0-4A47-8657-1298454BB0B4}
		{1605CCFA-6A5B-4ABA-A062-DF6E2D4280F5} = {AFAA677B-36C0-4A47-8657-1298454BB0B4}
		{D98BA10A-09F9-4D6C-BA8D-3491D8902A6E} = {C8CB28E2-57A3-451F-8E5A-A79759C8F8B3}
		{CD1A354E-7D02-4EAD-824A-19DE7896E953} = {C8CB28E2-57A3-451F-8E5A-A79759C8F8B3}
		{99420E18-3F98-4591-BBE1-F47ABAAADB92} = {C8CB28E2-57A3-451F-8E5A-A79759C8F8B3}
	EndGlobalSection
	GlobalSection(ExtensibilityGlobals) = postSolution
		SolutionGuid = {38AA21C9-B377-4FD1-91A8-A85A8752266D}
	EndGlobalSection
EndGlobal
